
Microsoft Visual Studio Solution File, Format Version 10.00
# Visual Studio 2008
Project("{8BC9CEB8-8B4A-11D0-8D11-00A0C91BC942}") = "06 Alg Analysis", "06 Alg Analysis\06 Alg Analysis.vcproj", "{746BB0CA-53FA-490C-A6F9-22B10299A090}"
EndProject
Global
	GlobalSection(SolutionConfigurationPlatforms) = preSolution
		Debug|Win32 = Debug|Win32
		Release|Win32 = Release|Win32
	EndGlobalSection
	GlobalSection(ProjectConfigurationPlatforms) = postSolution
		{746BB0CA-53FA-490C-A6F9-22B10299A090}.Debug|Win32.ActiveCfg = Debug|Win32
		{746BB0CA-53FA-490C-A6F9-22B10299A090}.Debug|Win32.Build.0 = Debug|Win32
		{746BB0CA-53FA-490C-A6F9-22B10299A090}.Release|Win32.ActiveCfg = Release|Win32
		{746BB0CA-53FA-490C-A6F9-22B10299A090}.Release|Win32.Build.0 = Release|Win32
	EndGlobalSection
	GlobalSection(SolutionProperties) = preSolution
		HideSolutionNode = FALSE
	EndGlobalSection
EndGlobal
