
Microsoft Visual Studio Solution File, Format Version 10.00
# Visual Studio 2008
Project("{8BC9CEB8-8B4A-11D0-8D11-00A0C91BC942}") = "LinkedLists", "LinkedLists\LinkedLists.vcproj", "{8A35B6C0-7315-4D8F-9834-2C40CC2EEB81}"
EndProject
Global
	GlobalSection(SolutionConfigurationPlatforms) = preSolution
		Debug|Win32 = Debug|Win32
		Release|Win32 = Release|Win32
	EndGlobalSection
	GlobalSection(ProjectConfigurationPlatforms) = postSolution
		{8A35B6C0-7315-4D8F-9834-2C40CC2EEB81}.Debug|Win32.ActiveCfg = Debug|Win32
		{8A35B6C0-7315-4D8F-9834-2C40CC2EEB81}.Debug|Win32.Build.0 = Debug|Win32
		{8A35B6C0-7315-4D8F-9834-2C40CC2EEB81}.Release|Win32.ActiveCfg = Release|Win32
		{8A35B6C0-7315-4D8F-9834-2C40CC2EEB81}.Release|Win32.Build.0 = Release|Win32
	EndGlobalSection
	GlobalSection(SolutionProperties) = preSolution
		HideSolutionNode = FALSE
	EndGlobalSection
EndGlobal
