
Microsoft Visual Studio Solution File, Format Version 10.00
# Visual Studio 2008
Project("{8BC9CEB8-8B4A-11D0-8D11-00A0C91BC942}") = "07 Trees", "07 Trees\07 Trees.vcproj", "{5363DA2F-F556-4FD1-A4DF-712A17874713}"
EndProject
Global
	GlobalSection(SolutionConfigurationPlatforms) = preSolution
		Debug|Win32 = Debug|Win32
		Release|Win32 = Release|Win32
	EndGlobalSection
	GlobalSection(ProjectConfigurationPlatforms) = postSolution
		{5363DA2F-F556-4FD1-A4DF-712A17874713}.Debug|Win32.ActiveCfg = Debug|Win32
		{5363DA2F-F556-4FD1-A4DF-712A17874713}.Debug|Win32.Build.0 = Debug|Win32
		{5363DA2F-F556-4FD1-A4DF-712A17874713}.Release|Win32.ActiveCfg = Release|Win32
		{5363DA2F-F556-4FD1-A4DF-712A17874713}.Release|Win32.Build.0 = Release|Win32
	EndGlobalSection
	GlobalSection(SolutionProperties) = preSolution
		HideSolutionNode = FALSE
	EndGlobalSection
EndGlobal
